
Microsoft Visual Studio Solution File, Format Version 12.00
# Visual Studio Version 17
VisualStudioVersion = 17.3.32929.385
MinimumVisualStudioVersion = 10.0.40219.1
Project("{FAE04EC0-301F-11D3-BF4B-00C04F79EFBC}") = "RageTrailersSync.Server", "RageTrailersSync.Server\RageTrailersSync.Server.csproj", "{643833C7-C0A0-49E9-9BEE-D831389A27C9}"
EndProject
Project("{FAE04EC0-301F-11D3-BF4B-00C04F79EFBC}") = "RageTrailersSync.Client", "RageTrailersSync.Client\RageTrailersSync.Client.csproj", "{44D72D42-B9F9-4972-8A96-6A41EFFFCAC6}"
EndProject
Global
	GlobalSection(SolutionConfigurationPlatforms) = preSolution
		Debug|Any CPU = Debug|Any CPU
		Release|Any CPU = Release|Any CPU
	EndGlobalSection
	GlobalSection(ProjectConfigurationPlatforms) = postSolution
		{643833C7-C0A0-49E9-9BEE-D831389A27C9}.Debug|Any CPU.ActiveCfg = Debug|Any CPU
		{643833C7-C0A0-49E9-9BEE-D831389A27C9}.Debug|Any CPU.Build.0 = Debug|Any CPU
		{643833C7-C0A0-49E9-9BEE-D831389A27C9}.Release|Any CPU.ActiveCfg = Release|Any CPU
		{643833C7-C0A0-49E9-9BEE-D831389A27C9}.Release|Any CPU.Build.0 = Release|Any CPU
		{44D72D42-B9F9-4972-8A96-6A41EFFFCAC6}.Debug|Any CPU.ActiveCfg = Debug|Any CPU
		{44D72D42-B9F9-4972-8A96-6A41EFFFCAC6}.Debug|Any CPU.Build.0 = Debug|Any CPU
		{44D72D42-B9F9-4972-8A96-6A41EFFFCAC6}.Release|Any CPU.ActiveCfg = Release|Any CPU
		{44D72D42-B9F9-4972-8A96-6A41EFFFCAC6}.Release|Any CPU.Build.0 = Release|Any CPU
	EndGlobalSection
	GlobalSection(SolutionProperties) = preSolution
		HideSolutionNode = FALSE
	EndGlobalSection
	GlobalSection(ExtensibilityGlobals) = postSolution
		SolutionGuid = {E925893D-E388-4F48-AACA-9CAAE0718910}
	EndGlobalSection
EndGlobal
